
Microsoft Visual Studio Solution File, Format Version 12.00
# Visual Studio Version 17
VisualStudioVersion = 17.0.31912.275
MinimumVisualStudioVersion = 10.0.40219.1
Project("{9A19103F-16F7-4668-BE54-9A1E7A4F7556}") = "SampleGrpcService.net50", "SampleGrpcService.net50\SampleGrpcService.net50.csproj", "{0A9F724C-C944-48EE-AD40-59792C41B3B7}"
EndProject
Project("{9A19103F-16F7-4668-BE54-9A1E7A4F7556}") = "SampleGrpcService.netcore31", "SampleGrpcService.netcore31\SampleGrpcService.netcore31.csproj", "{968CC8A8-3989-4697-BB50-E47010FC8825}"
EndProject
Project("{9A19103F-16F7-4668-BE54-9A1E7A4F7556}") = "GrpcBrowser", "GrpcBrowser\GrpcBrowser.csproj", "{4E304F54-626F-48A5-BAFF-ED169B6410E1}"
EndProject
Project("{9A19103F-16F7-4668-BE54-9A1E7A4F7556}") = "SampleGrpcService.net60", "SampleGrpcService.net60\SampleGrpcService.net60.csproj", "{E2913EAD-E188-4F09-826C-D7A01462E15F}"
EndProject
Global
	GlobalSection(SolutionConfigurationPlatforms) = preSolution
		Debug|Any CPU = Debug|Any CPU
		Release|Any CPU = Release|Any CPU
	EndGlobalSection
	GlobalSection(ProjectConfigurationPlatforms) = postSolution
		{0A9F724C-C944-48EE-AD40-59792C41B3B7}.Debug|Any CPU.ActiveCfg = Debug|Any CPU
		{0A9F724C-C944-48EE-AD40-59792C41B3B7}.Debug|Any CPU.Build.0 = Debug|Any CPU
		{0A9F724C-C944-48EE-AD40-59792C41B3B7}.Release|Any CPU.ActiveCfg = Release|Any CPU
		{0A9F724C-C944-48EE-AD40-59792C41B3B7}.Release|Any CPU.Build.0 = Release|Any CPU
		{968CC8A8-3989-4697-BB50-E47010FC8825}.Debug|Any CPU.ActiveCfg = Debug|Any CPU
		{968CC8A8-3989-4697-BB50-E47010FC8825}.Debug|Any CPU.Build.0 = Debug|Any CPU
		{968CC8A8-3989-4697-BB50-E47010FC8825}.Release|Any CPU.ActiveCfg = Release|Any CPU
		{968CC8A8-3989-4697-BB50-E47010FC8825}.Release|Any CPU.Build.0 = Release|Any CPU
		{4E304F54-626F-48A5-BAFF-ED169B6410E1}.Debug|Any CPU.ActiveCfg = Debug|Any CPU
		{4E304F54-626F-48A5-BAFF-ED169B6410E1}.Debug|Any CPU.Build.0 = Debug|Any CPU
		{4E304F54-626F-48A5-BAFF-ED169B6410E1}.Release|Any CPU.ActiveCfg = Release|Any CPU
		{4E304F54-626F-48A5-BAFF-ED169B6410E1}.Release|Any CPU.Build.0 = Release|Any CPU
		{E2913EAD-E188-4F09-826C-D7A01462E15F}.Debug|Any CPU.ActiveCfg = Debug|Any CPU
		{E2913EAD-E188-4F09-826C-D7A01462E15F}.Debug|Any CPU.Build.0 = Debug|Any CPU
		{E2913EAD-E188-4F09-826C-D7A01462E15F}.Release|Any CPU.ActiveCfg = Release|Any CPU
		{E2913EAD-E188-4F09-826C-D7A01462E15F}.Release|Any CPU.Build.0 = Release|Any CPU
	EndGlobalSection
	GlobalSection(SolutionProperties) = preSolution
		HideSolutionNode = FALSE
	EndGlobalSection
	GlobalSection(ExtensibilityGlobals) = postSolution
		SolutionGuid = {D3F6AC12-10F1-4985-BBB6-9B78DB7CEA5E}
	EndGlobalSection
EndGlobal
